{
  "name": "koa-mustache-view",
  "version": "1.0.0",
  "lockfileVersion": 1,
  "dependencies": {
    "@types/accepts": {
      "version": "1.3.2",
      "resolved": "http://registry.npm.taobao.org/@types/accepts/download/@types/accepts-1.3.2.tgz",
      "integrity": "sha1-Uol61aUfBeovV/joE2CFx9HDhaU=",
      "dev": true
    },
    "@types/cookies": {
      "version": "0.6.1",
      "resolved": "http://registry.npm.taobao.org/@types/cookies/download/@types/cookies-0.6.1.tgz",
      "integrity": "sha1-0Sy9D4qmufDTv7YTuViJegs0hzE=",
      "dev": true
    },
    "@types/http-assert": {
      "version": "1.2.0",
      "resolved": "http://registry.npm.taobao.org/@types/http-assert/download/@types/http-assert-1.2.0.tgz",
      "integrity": "sha1-C4KZMDbobG/ylE4DO3O1foXM3Ks=",
      "dev": true
    },
    "@types/keygrip": {
      "version": "1.0.1",
      "resolved": "http://registry.npm.taobao.org/@types/keygrip/download/@types/keygrip-1.0.1.tgz",
      "integrity": "sha1-/1QEYtL7TQqIRBzq8n0oewHD2Hg=",
      "dev": true
    },
    "@types/koa": {
      "version": "2.0.39",
      "resolved": "http://registry.npm.taobao.org/@types/koa/download/@types/koa-2.0.39.tgz",
      "integrity": "sha1-RboSSdiEm5sP+MHW0vgLCDi4n/o=",
      "dev": true
    },
    "@types/koa-compose": {
      "version": "3.2.2",
      "resolved": "http://registry.npm.taobao.org/@types/koa-compose/download/@types/koa-compose-3.2.2.tgz",
      "integrity": "sha1-3BBuAAu/kqOskA91bfRzRIh+6Ec=",
      "dev": true
    },
    "@types/mustache": {
      "version": "0.8.29",
      "resolved": "http://registry.npm.taobao.org/@types/mustache/download/@types/mustache-0.8.29.tgz",
      "integrity": "sha1-em8T6PI/9by6rsSEiIQAsqRCe0E="
    },
    "@types/node": {
      "version": "8.0.14",
      "resolved": "http://registry.npm.taobao.org/@types/node/download/@types/node-8.0.14.tgz",
      "integrity": "sha1-Shnca7YdFsAcutx7MKwjUY//F2s=",
      "dev": true
    },
    "mustache": {
      "version": "2.3.0",
      "resolved": "http://registry.npm.taobao.org/mustache/download/mustache-2.3.0.tgz",
      "integrity": "sha1-QCj3d4sXcIpImTCm5SrDvKDaQdA="
    }
  }
}
